
Microsoft Visual Studio Solution File, Format Version 12.00
# Visual Studio Version 16
VisualStudioVersion = 16.0.31025.194
MinimumVisualStudioVersion = 10.0.40219.1
Project("{FAE04EC0-301F-11D3-BF4B-00C04F79EFBC}") = "HuntTheWumpus", "HuntTheWumpus\HuntTheWumpus.csproj", "{5C46F910-9F79-47AA-8773-78B236CAC915}"
EndProject
Global
	GlobalSection(SolutionConfigurationPlatforms) = preSolution
		Debug|Any CPU = Debug|Any CPU
		Release|Any CPU = Release|Any CPU
	EndGlobalSection
	GlobalSection(ProjectConfigurationPlatforms) = postSolution
		{5C46F910-9F79-47AA-8773-78B236CAC915}.Debug|Any CPU.ActiveCfg = Debug|Any CPU
		{5C46F910-9F79-47AA-8773-78B236CAC915}.Debug|Any CPU.Build.0 = Debug|Any CPU
		{5C46F910-9F79-47AA-8773-78B236CAC915}.Release|Any CPU.ActiveCfg = Release|Any CPU
		{5C46F910-9F79-47AA-8773-78B236CAC915}.Release|Any CPU.Build.0 = Release|Any CPU
	EndGlobalSection
	GlobalSection(SolutionProperties) = preSolution
		HideSolutionNode = FALSE
	EndGlobalSection
	GlobalSection(ExtensibilityGlobals) = postSolution
		SolutionGuid = {58CE7BD4-E100-4D0C-923E-90AD6B9B3432}
	EndGlobalSection
EndGlobal
